Microsoft Visual Studio Solution File, Format Version 11.00
# Visual C++ Express 2010
Project("{8BC9CEB8-8B4A-11D0-8D11-00A0C91BC942}") = "KinectBasic", "KinectBasic.vcxproj", "{7CE63FF0-C05F-4C52-B932-9157DF6EF5E6}"
EndProject
Global
	GlobalSection(SolutionConfigurationPlatforms) = preSolution
		Debug|Win32 = Debug|Win32
		Release|Win32 = Release|Win32
	EndGlobalSection
	GlobalSection(ProjectConfigurationPlatforms) = postSolution
		{7CE63FF0-C05F-4C52-B932-9157DF6EF5E6}.Debug|Win32.ActiveCfg = Debug|Win32
		{7CE63FF0-C05F-4C52-B932-9157DF6EF5E6}.Debug|Win32.Build.0 = Debug|Win32
		{7CE63FF0-C05F-4C52-B932-9157DF6EF5E6}.Release|Win32.ActiveCfg = Release|Win32
		{7CE63FF0-C05F-4C52-B932-9157DF6EF5E6}.Release|Win32.Build.0 = Release|Win32
	EndGlobalSection
	GlobalSection(SolutionProperties) = preSolution
		HideSolutionNode = FALSE
	EndGlobalSection
EndGlobal
